
Microsoft Visual Studio Solution File, Format Version 12.00
# Visual Studio 15
Project("{FAE04EC0-301F-11D3-BF4B-00C04F79EFBC}") = "sims4you.package_utils", "sims4you.package_utils\sims4you.package_utils.csproj", "{156B1DD4-267B-440A-971A-0DF84B6C141D}"
EndProject
Global
	GlobalSection(SolutionConfigurationPlatforms) = preSolution
		Debug|Any CPU = Debug|Any CPU
		Release|Any CPU = Release|Any CPU
	EndGlobalSection
	GlobalSection(ProjectConfigurationPlatforms) = postSolution
		{156B1DD4-267B-440A-971A-0DF84B6C141D}.Debug|Any CPU.ActiveCfg = Debug|Any CPU
		{156B1DD4-267B-440A-971A-0DF84B6C141D}.Debug|Any CPU.Build.0 = Debug|Any CPU
		{156B1DD4-267B-440A-971A-0DF84B6C141D}.Release|Any CPU.ActiveCfg = Release|Any CPU
		{156B1DD4-267B-440A-971A-0DF84B6C141D}.Release|Any CPU.Build.0 = Release|Any CPU
	EndGlobalSection
EndGlobal
